
Microsoft Visual Studio Solution File, Format Version 12.00
# Visual Studio Version 17
VisualStudioVersion = 17.0.31903.59
MinimumVisualStudioVersion = 10.0.40219.1
Project("{FAE04EC0-301F-11D3-BF4B-00C04F79EFBC}") = "FactoryCube.Comm", "FactoryCube.Comm\FactoryCube.Comm.csproj", "{FA12E803-3A58-4574-957B-1C68467D8F54}"
EndProject
Project("{FAE04EC0-301F-11D3-BF4B-00C04F79EFBC}") = "FactoryCube.Core", "FactoryCube.Core\FactoryCube.Core.csproj", "{BC7811A3-1785-46AB-A464-9F8FE17BEE00}"
EndProject
Project("{FAE04EC0-301F-11D3-BF4B-00C04F79EFBC}") = "FactoryCube.Interfaces", "FactoryCube.Interfaces\FactoryCube.Interfaces.csproj", "{6D5843C2-269E-484F-B540-D51CE651D5ED}"
EndProject
Project("{FAE04EC0-301F-11D3-BF4B-00C04F79EFBC}") = "FactoryCube.Services", "FactoryCube.Services\FactoryCube.Services.csproj", "{300DF532-1664-416D-9F01-5F289CF348D3}"
EndProject
Project("{FAE04EC0-301F-11D3-BF4B-00C04F79EFBC}") = "FactoryCube.Tests", "FactoryCube.Tests\FactoryCube.Tests.csproj", "{24C0B72E-BC81-4F31-A941-60BBBB55DFB5}"
EndProject
Project("{FAE04EC0-301F-11D3-BF4B-00C04F79EFBC}") = "FactoryCube.UI", "FactoryCube.UI\FactoryCube.UI.csproj", "{53177426-C704-4695-BFFB-F3A6A49FF013}"
EndProject
Project("{FAE04EC0-301F-11D3-BF4B-00C04F79EFBC}") = "FactoryCube.Vision", "FactoryCube.Vision\FactoryCube.Vision.csproj", "{8447FD48-9738-4229-9660-4F0BB0CA284A}"
EndProject
Global
	GlobalSection(SolutionConfigurationPlatforms) = preSolution
		Debug|Any CPU = Debug|Any CPU
		Debug|x64 = Debug|x64
		Release|Any CPU = Release|Any CPU
		Release|x64 = Release|x64
	EndGlobalSection
	GlobalSection(ProjectConfigurationPlatforms) = postSolution
		{FA12E803-3A58-4574-957B-1C68467D8F54}.Debug|Any CPU.ActiveCfg = Debug|Any CPU
		{FA12E803-3A58-4574-957B-1C68467D8F54}.Debug|Any CPU.Build.0 = Debug|Any CPU
		{FA12E803-3A58-4574-957B-1C68467D8F54}.Debug|x64.ActiveCfg = Debug|Any CPU
		{FA12E803-3A58-4574-957B-1C68467D8F54}.Debug|x64.Build.0 = Debug|Any CPU
		{FA12E803-3A58-4574-957B-1C68467D8F54}.Release|Any CPU.ActiveCfg = Release|Any CPU
		{FA12E803-3A58-4574-957B-1C68467D8F54}.Release|Any CPU.Build.0 = Release|Any CPU
		{FA12E803-3A58-4574-957B-1C68467D8F54}.Release|x64.ActiveCfg = Release|Any CPU
		{FA12E803-3A58-4574-957B-1C68467D8F54}.Release|x64.Build.0 = Release|Any CPU
		{BC7811A3-1785-46AB-A464-9F8FE17BEE00}.Debug|Any CPU.ActiveCfg = Debug|Any CPU
		{BC7811A3-1785-46AB-A464-9F8FE17BEE00}.Debug|Any CPU.Build.0 = Debug|Any CPU
		{BC7811A3-1785-46AB-A464-9F8FE17BEE00}.Debug|x64.ActiveCfg = Debug|Any CPU
		{BC7811A3-1785-46AB-A464-9F8FE17BEE00}.Debug|x64.Build.0 = Debug|Any CPU
		{BC7811A3-1785-46AB-A464-9F8FE17BEE00}.Release|Any CPU.ActiveCfg = Release|Any CPU
		{BC7811A3-1785-46AB-A464-9F8FE17BEE00}.Release|Any CPU.Build.0 = Release|Any CPU
		{BC7811A3-1785-46AB-A464-9F8FE17BEE00}.Release|x64.ActiveCfg = Release|Any CPU
		{BC7811A3-1785-46AB-A464-9F8FE17BEE00}.Release|x64.Build.0 = Release|Any CPU
		{6D5843C2-269E-484F-B540-D51CE651D5ED}.Debug|Any CPU.ActiveCfg = Debug|Any CPU
		{6D5843C2-269E-484F-B540-D51CE651D5ED}.Debug|Any CPU.Build.0 = Debug|Any CPU
		{6D5843C2-269E-484F-B540-D51CE651D5ED}.Debug|x64.ActiveCfg = Debug|Any CPU
		{6D5843C2-269E-484F-B540-D51CE651D5ED}.Debug|x64.Build.0 = Debug|Any CPU
		{6D5843C2-269E-484F-B540-D51CE651D5ED}.Release|Any CPU.ActiveCfg = Release|Any CPU
		{6D5843C2-269E-484F-B540-D51CE651D5ED}.Release|Any CPU.Build.0 = Release|Any CPU
		{6D5843C2-269E-484F-B540-D51CE651D5ED}.Release|x64.ActiveCfg = Release|Any CPU
		{6D5843C2-269E-484F-B540-D51CE651D5ED}.Release|x64.Build.0 = Release|Any CPU
		{300DF532-1664-416D-9F01-5F289CF348D3}.Debug|Any CPU.ActiveCfg = Debug|Any CPU
		{300DF532-1664-416D-9F01-5F289CF348D3}.Debug|Any CPU.Build.0 = Debug|Any CPU
		{300DF532-1664-416D-9F01-5F289CF348D3}.Debug|x64.ActiveCfg = Debug|Any CPU
		{300DF532-1664-416D-9F01-5F289CF348D3}.Debug|x64.Build.0 = Debug|Any CPU
		{300DF532-1664-416D-9F01-5F289CF348D3}.Release|Any CPU.ActiveCfg = Release|Any CPU
		{300DF532-1664-416D-9F01-5F289CF348D3}.Release|Any CPU.Build.0 = Release|Any CPU
		{300DF532-1664-416D-9F01-5F289CF348D3}.Release|x64.ActiveCfg = Release|Any CPU
		{300DF532-1664-416D-9F01-5F289CF348D3}.Release|x64.Build.0 = Release|Any CPU
		{24C0B72E-BC81-4F31-A941-60BBBB55DFB5}.Debug|Any CPU.ActiveCfg = Debug|Any CPU
		{24C0B72E-BC81-4F31-A941-60BBBB55DFB5}.Debug|Any CPU.Build.0 = Debug|Any CPU
		{24C0B72E-BC81-4F31-A941-60BBBB55DFB5}.Debug|x64.ActiveCfg = Debug|Any CPU
		{24C0B72E-BC81-4F31-A941-60BBBB55DFB5}.Debug|x64.Build.0 = Debug|Any CPU
		{24C0B72E-BC81-4F31-A941-60BBBB55DFB5}.Release|Any CPU.ActiveCfg = Release|Any CPU
		{24C0B72E-BC81-4F31-A941-60BBBB55DFB5}.Release|Any CPU.Build.0 = Release|Any CPU
		{24C0B72E-BC81-4F31-A941-60BBBB55DFB5}.Release|x64.ActiveCfg = Release|Any CPU
		{24C0B72E-BC81-4F31-A941-60BBBB55DFB5}.Release|x64.Build.0 = Release|Any CPU
		{53177426-C704-4695-BFFB-F3A6A49FF013}.Debug|Any CPU.ActiveCfg = Debug|Any CPU
		{53177426-C704-4695-BFFB-F3A6A49FF013}.Debug|Any CPU.Build.0 = Debug|Any CPU
		{53177426-C704-4695-BFFB-F3A6A49FF013}.Debug|x64.ActiveCfg = Debug|x64
		{53177426-C704-4695-BFFB-F3A6A49FF013}.Debug|x64.Build.0 = Debug|x64
		{53177426-C704-4695-BFFB-F3A6A49FF013}.Release|Any CPU.ActiveCfg = Release|Any CPU
		{53177426-C704-4695-BFFB-F3A6A49FF013}.Release|Any CPU.Build.0 = Release|Any CPU
		{53177426-C704-4695-BFFB-F3A6A49FF013}.Release|x64.ActiveCfg = Release|x64
		{53177426-C704-4695-BFFB-F3A6A49FF013}.Release|x64.Build.0 = Release|x64
		{8447FD48-9738-4229-9660-4F0BB0CA284A}.Debug|Any CPU.ActiveCfg = Debug|Any CPU
		{8447FD48-9738-4229-9660-4F0BB0CA284A}.Debug|Any CPU.Build.0 = Debug|Any CPU
		{8447FD48-9738-4229-9660-4F0BB0CA284A}.Debug|x64.ActiveCfg = Debug|Any CPU
		{8447FD48-9738-4229-9660-4F0BB0CA284A}.Debug|x64.Build.0 = Debug|Any CPU
		{8447FD48-9738-4229-9660-4F0BB0CA284A}.Release|Any CPU.ActiveCfg = Release|Any CPU
		{8447FD48-9738-4229-9660-4F0BB0CA284A}.Release|Any CPU.Build.0 = Release|Any CPU
		{8447FD48-9738-4229-9660-4F0BB0CA284A}.Release|x64.ActiveCfg = Release|Any CPU
		{8447FD48-9738-4229-9660-4F0BB0CA284A}.Release|x64.Build.0 = Release|Any CPU
	EndGlobalSection
	GlobalSection(SolutionProperties) = preSolution
		HideSolutionNode = FALSE
	EndGlobalSection
EndGlobal
